Microsoft Visual Studio Solution File, Format Version 8.00
Project("{8BC9CEB8-8B4A-11D0-8D11-00A0C91BC942}") = "partysip", "partysip.vcproj", "{7C4ACA99-48B3-4598-8861-9C4439D37937}"
	ProjectSection(ProjectDependencies) = postProject
		{AF0F6F1E-81BA-4ADE-91D2-3BAD43A9D35E} = {AF0F6F1E-81BA-4ADE-91D2-3BAD43A9D35E}
	EndProjectSection
EndProject
Project("{8BC9CEB8-8B4A-11D0-8D11-00A0C91BC942}") = "ppl", "ppl.vcproj", "{AF0F6F1E-81BA-4ADE-91D2-3BAD43A9D35E}"
	ProjectSection(ProjectDependencies) = postProject
	EndProjectSection
EndProject
Project("{8BC9CEB8-8B4A-11D0-8D11-00A0C91BC942}") = "psp_auth", "psp_auth.vcproj", "{EEEA1A1E-5F73-4225-BCDF-A48DA09D3F83}"
	ProjectSection(ProjectDependencies) = postProject
		{AF0F6F1E-81BA-4ADE-91D2-3BAD43A9D35E} = {AF0F6F1E-81BA-4ADE-91D2-3BAD43A9D35E}
		{7C4ACA99-48B3-4598-8861-9C4439D37937} = {7C4ACA99-48B3-4598-8861-9C4439D37937}
	EndProjectSection
EndProject
Project("{8BC9CEB8-8B4A-11D0-8D11-00A0C91BC942}") = "psp_filter", "psp_filter.vcproj", "{152F92CB-291B-4EDE-890B-F5081E09611B}"
	ProjectSection(ProjectDependencies) = postProject
		{AF0F6F1E-81BA-4ADE-91D2-3BAD43A9D35E} = {AF0F6F1E-81BA-4ADE-91D2-3BAD43A9D35E}
		{7C4ACA99-48B3-4598-8861-9C4439D37937} = {7C4ACA99-48B3-4598-8861-9C4439D37937}
	EndProjectSection
EndProject
Project("{8BC9CEB8-8B4A-11D0-8D11-00A0C91BC942}") = "psp_ls_localdb", "psp_ls_localdb.vcproj", "{8C31D13E-CB55-4502-9157-BF532676C935}"
	ProjectSection(ProjectDependencies) = postProject
		{AF0F6F1E-81BA-4ADE-91D2-3BAD43A9D35E} = {AF0F6F1E-81BA-4ADE-91D2-3BAD43A9D35E}
		{7C4ACA99-48B3-4598-8861-9C4439D37937} = {7C4ACA99-48B3-4598-8861-9C4439D37937}
	EndProjectSection
EndProject
Project("{8BC9CEB8-8B4A-11D0-8D11-00A0C91BC942}") = "psp_ls_sfull", "psp_ls_sfull.vcproj", "{CCBE0BD0-62CB-4BFA-8BF8-B6A76E86D2F2}"
	ProjectSection(ProjectDependencies) = postProject
		{AF0F6F1E-81BA-4ADE-91D2-3BAD43A9D35E} = {AF0F6F1E-81BA-4ADE-91D2-3BAD43A9D35E}
		{7C4ACA99-48B3-4598-8861-9C4439D37937} = {7C4ACA99-48B3-4598-8861-9C4439D37937}
	EndProjectSection
EndProject
Project("{8BC9CEB8-8B4A-11D0-8D11-00A0C91BC942}") = "psp_ls_static", "psp_ls_static.vcproj", "{6D70220B-DBBD-4457-8AE3-19423F0A76F4}"
	ProjectSection(ProjectDependencies) = postProject
		{AF0F6F1E-81BA-4ADE-91D2-3BAD43A9D35E} = {AF0F6F1E-81BA-4ADE-91D2-3BAD43A9D35E}
		{7C4ACA99-48B3-4598-8861-9C4439D37937} = {7C4ACA99-48B3-4598-8861-9C4439D37937}
	EndProjectSection
EndProject
Project("{8BC9CEB8-8B4A-11D0-8D11-00A0C91BC942}") = "psp_rgstrar", "psp_rgstrar.vcproj", "{E8C77BC8-EBAB-499E-8CA6-84CC428D0B00}"
	ProjectSection(ProjectDependencies) = postProject
		{AF0F6F1E-81BA-4ADE-91D2-3BAD43A9D35E} = {AF0F6F1E-81BA-4ADE-91D2-3BAD43A9D35E}
		{7C4ACA99-48B3-4598-8861-9C4439D37937} = {7C4ACA99-48B3-4598-8861-9C4439D37937}
	EndProjectSection
EndProject
Project("{8BC9CEB8-8B4A-11D0-8D11-00A0C91BC942}") = "psp_syntax", "psp_syntax.vcproj", "{6AD31739-01F3-4AE0-8390-452E09AEF7A1}"
	ProjectSection(ProjectDependencies) = postProject
		{AF0F6F1E-81BA-4ADE-91D2-3BAD43A9D35E} = {AF0F6F1E-81BA-4ADE-91D2-3BAD43A9D35E}
		{7C4ACA99-48B3-4598-8861-9C4439D37937} = {7C4ACA99-48B3-4598-8861-9C4439D37937}
	EndProjectSection
EndProject
Project("{8BC9CEB8-8B4A-11D0-8D11-00A0C91BC942}") = "psp_udp", "psp_udp.vcproj", "{78C576CF-1471-4CF3-9D71-9C3FFD5DA618}"
	ProjectSection(ProjectDependencies) = postProject
		{AF0F6F1E-81BA-4ADE-91D2-3BAD43A9D35E} = {AF0F6F1E-81BA-4ADE-91D2-3BAD43A9D35E}
		{7C4ACA99-48B3-4598-8861-9C4439D37937} = {7C4ACA99-48B3-4598-8861-9C4439D37937}
	EndProjectSection
EndProject
Global
	GlobalSection(SolutionConfiguration) = preSolution
		Debug = Debug
		Release = Release
	EndGlobalSection
	GlobalSection(ProjectConfiguration) = postSolution
		{7C4ACA99-48B3-4598-8861-9C4439D37937}.Debug.ActiveCfg = Debug|Win32
		{7C4ACA99-48B3-4598-8861-9C4439D37937}.Debug.Build.0 = Debug|Win32
		{7C4ACA99-48B3-4598-8861-9C4439D37937}.Release.ActiveCfg = Release|Win32
		{7C4ACA99-48B3-4598-8861-9C4439D37937}.Release.Build.0 = Release|Win32
		{AF0F6F1E-81BA-4ADE-91D2-3BAD43A9D35E}.Debug.ActiveCfg = Debug|Win32
		{AF0F6F1E-81BA-4ADE-91D2-3BAD43A9D35E}.Debug.Build.0 = Debug|Win32
		{AF0F6F1E-81BA-4ADE-91D2-3BAD43A9D35E}.Release.ActiveCfg = Release|Win32
		{AF0F6F1E-81BA-4ADE-91D2-3BAD43A9D35E}.Release.Build.0 = Release|Win32
		{EEEA1A1E-5F73-4225-BCDF-A48DA09D3F83}.Debug.ActiveCfg = Debug|Win32
		{EEEA1A1E-5F73-4225-BCDF-A48DA09D3F83}.Debug.Build.0 = Debug|Win32
		{EEEA1A1E-5F73-4225-BCDF-A48DA09D3F83}.Release.ActiveCfg = Release|Win32
		{EEEA1A1E-5F73-4225-BCDF-A48DA09D3F83}.Release.Build.0 = Release|Win32
		{152F92CB-291B-4EDE-890B-F5081E09611B}.Debug.ActiveCfg = Debug|Win32
		{152F92CB-291B-4EDE-890B-F5081E09611B}.Debug.Build.0 = Debug|Win32
		{152F92CB-291B-4EDE-890B-F5081E09611B}.Release.ActiveCfg = Release|Win32
		{152F92CB-291B-4EDE-890B-F5081E09611B}.Release.Build.0 = Release|Win32
		{8C31D13E-CB55-4502-9157-BF532676C935}.Debug.ActiveCfg = Debug|Win32
		{8C31D13E-CB55-4502-9157-BF532676C935}.Debug.Build.0 = Debug|Win32
		{8C31D13E-CB55-4502-9157-BF532676C935}.Release.ActiveCfg = Release|Win32
		{8C31D13E-CB55-4502-9157-BF532676C935}.Release.Build.0 = Release|Win32
		{CCBE0BD0-62CB-4BFA-8BF8-B6A76E86D2F2}.Debug.ActiveCfg = Debug|Win32
		{CCBE0BD0-62CB-4BFA-8BF8-B6A76E86D2F2}.Debug.Build.0 = Debug|Win32
		{CCBE0BD0-62CB-4BFA-8BF8-B6A76E86D2F2}.Release.ActiveCfg = Release|Win32
		{CCBE0BD0-62CB-4BFA-8BF8-B6A76E86D2F2}.Release.Build.0 = Release|Win32
		{6D70220B-DBBD-4457-8AE3-19423F0A76F4}.Debug.ActiveCfg = Debug|Win32
		{6D70220B-DBBD-4457-8AE3-19423F0A76F4}.Debug.Build.0 = Debug|Win32
		{6D70220B-DBBD-4457-8AE3-19423F0A76F4}.Release.ActiveCfg = Release|Win32
		{6D70220B-DBBD-4457-8AE3-19423F0A76F4}.Release.Build.0 = Release|Win32
		{E8C77BC8-EBAB-499E-8CA6-84CC428D0B00}.Debug.ActiveCfg = Debug|Win32
		{E8C77BC8-EBAB-499E-8CA6-84CC428D0B00}.Debug.Build.0 = Debug|Win32
		{E8C77BC8-EBAB-499E-8CA6-84CC428D0B00}.Release.ActiveCfg = Release|Win32
		{E8C77BC8-EBAB-499E-8CA6-84CC428D0B00}.Release.Build.0 = Release|Win32
		{6AD31739-01F3-4AE0-8390-452E09AEF7A1}.Debug.ActiveCfg = Debug|Win32
		{6AD31739-01F3-4AE0-8390-452E09AEF7A1}.Debug.Build.0 = Debug|Win32
		{6AD31739-01F3-4AE0-8390-452E09AEF7A1}.Release.ActiveCfg = Release|Win32
		{6AD31739-01F3-4AE0-8390-452E09AEF7A1}.Release.Build.0 = Release|Win32
		{78C576CF-1471-4CF3-9D71-9C3FFD5DA618}.Debug.ActiveCfg = Debug|Win32
		{78C576CF-1471-4CF3-9D71-9C3FFD5DA618}.Debug.Build.0 = Debug|Win32
		{78C576CF-1471-4CF3-9D71-9C3FFD5DA618}.Release.ActiveCfg = Release|Win32
		{78C576CF-1471-4CF3-9D71-9C3FFD5DA618}.Release.Build.0 = Release|Win32
	EndGlobalSection
	GlobalSection(ExtensibilityGlobals) = postSolution
	EndGlobalSection
	GlobalSection(ExtensibilityAddIns) = postSolution
	EndGlobalSection
EndGlobal
